
Microsoft Visual Studio Solution File, Format Version 12.00
# Visual Studio 15
VisualStudioVersion = 15.0.27130.2026
MinimumVisualStudioVersion = 10.0.40219.1
Project("{FAE04EC0-301F-11D3-BF4B-00C04F79EFBC}") = "IntentionalSolutionVersion", "IntentionalSolutionVersion\IntentionalSolutionVersion.csproj", "{0CEFEAF9-3E54-4A5F-9971-06E2B290775D}"
EndProject
Global
	GlobalSection(SolutionConfigurationPlatforms) = preSolution
		Debug|Any CPU = Debug|Any CPU
		Release|Any CPU = Release|Any CPU
	EndGlobalSection
	GlobalSection(ProjectConfigurationPlatforms) = postSolution
		{0CEFEAF9-3E54-4A5F-9971-06E2B290775D}.Debug|Any CPU.ActiveCfg = Debug|Any CPU
		{0CEFEAF9-3E54-4A5F-9971-06E2B290775D}.Debug|Any CPU.Build.0 = Debug|Any CPU
		{0CEFEAF9-3E54-4A5F-9971-06E2B290775D}.Release|Any CPU.ActiveCfg = Release|Any CPU
		{0CEFEAF9-3E54-4A5F-9971-06E2B290775D}.Release|Any CPU.Build.0 = Release|Any CPU
	EndGlobalSection
	GlobalSection(SolutionProperties) = preSolution
		HideSolutionNode = FALSE
	EndGlobalSection
	GlobalSection(ExtensibilityGlobals) = postSolution
		SolutionGuid = {50A1EDBF-38A0-4C27-B304-1A598297F08A}
	EndGlobalSection
EndGlobal
